{
  "nodes": {
    "dms": {
      "inputs": {
        "nixpkgs": [
          "nixpkgs"
        ],
        "quickshell": "quickshell"
      },
      "locked": {
        "lastModified": 1768575133,
        "narHash": "sha256-P//moH3z9r4PXirTzXVsccQINsK5AIlF9RWOBwK3vLc=",
        "owner": "AvengeMedia",
        "repo": "DankMaterialShell",
        "rev": "a7cdb39b0b89b9af86160ad4e847a7d14ea44512",
        "type": "github"
      },
      "original": {
        "owner": "AvengeMedia",
        "ref": "stable",
        "repo": "DankMaterialShell",
        "type": "github"
      }
    },
    "nixpkgs": {
      "locked": {
        "lastModified": 1769461804,
        "narHash": "sha256-msG8SU5WsBUfVVa/9RPLaymvi5bI8edTavbIq3vRlhI=",
        "owner": "NixOS",
        "repo": "nixpkgs",
        "rev": "bfc1b8a4574108ceef22f02bafcf6611380c100d",
        "type": "github"
      },
      "original": {
        "owner": "NixOS",
        "ref": "nixos-unstable",
        "repo": "nixpkgs",
        "type": "github"
      }
    },
    "quickshell": {
      "inputs": {
        "nixpkgs": [
          "dms",
          "nixpkgs"
        ]
      },
      "locked": {
        "lastModified": 1766725085,
        "narHash": "sha256-O2aMFdDUYJazFrlwL7aSIHbUSEm3ADVZjmf41uBJfHs=",
        "ref": "refs/heads/master",
        "rev": "41828c4180fb921df7992a5405f5ff05d2ac2fff",
        "revCount": 715,
        "type": "git",
        "url": "https://git.outfoxxed.me/quickshell/quickshell"
      },
      "original": {
        "rev": "41828c4180fb921df7992a5405f5ff05d2ac2fff",
        "type": "git",
        "url": "https://git.outfoxxed.me/quickshell/quickshell"
      }
    },
    "root": {
      "inputs": {
        "dms": "dms",
        "nixpkgs": "nixpkgs",
        "scroll-flake": "scroll-flake"
      }
    },
    "scroll-flake": {
      "inputs": {
        "nixpkgs": [
          "nixpkgs"
        ],
        "scroll-git": "scroll-git",
        "scroll-stable": "scroll-stable"
      },
      "locked": {
        "lastModified": 1769367013,
        "narHash": "sha256-0sU4Zl44mLZ2Q3as7CCVZSEGtxrhI1XHvgBzIZ2sY9M=",
        "owner": "AsahiRocks",
        "repo": "scroll-flake",
        "rev": "c763bef862d72e37f400d6dea644b1c298291207",
        "type": "github"
      },
      "original": {
        "owner": "AsahiRocks",
        "repo": "scroll-flake",
        "type": "github"
      }
    },
    "scroll-git": {
      "flake": false,
      "locked": {
        "lastModified": 1769208722,
        "narHash": "sha256-fLm+D2rpAGv3RDpD+a/cdsw+MVBxO2cguVhiy6E2hGQ=",
        "ref": "master",
        "rev": "f5e4655a7164e4246965371fe27a49fece277d5e",
        "revCount": 8119,
        "type": "git",
        "url": "https://github.com/dawsers/scroll"
      },
      "original": {
        "ref": "master",
        "type": "git",
        "url": "https://github.com/dawsers/scroll"
      }
    },
    "scroll-stable": {
      "flake": false,
      "locked": {
        "lastModified": 1767091886,
        "narHash": "sha256-1P+BHUzFMDN42dx9QCKW2fkkXggFZtmko/sQHeCx9IM=",
        "ref": "refs/tags/1.12.4",
        "rev": "7501869147e3066819e33152f3259370453c853f",
        "revCount": 8062,
        "type": "git",
        "url": "https://github.com/dawsers/scroll"
      },
      "original": {
        "ref": "refs/tags/1.12.4",
        "type": "git",
        "url": "https://github.com/dawsers/scroll"
      }
    }
  },
  "root": "root",
  "version": 7
}
