{
  "nodes": {
    "dgop": {
      "inputs": {
        "nixpkgs": [
          "dms",
          "nixpkgs"
        ]
      },
      "locked": {
        "lastModified": 1762835999,
        "narHash": "sha256-UykYGrGFOFTmDpKTLNxj1wvd1gbDG4TkqLNSbV0TYwk=",
        "owner": "AvengeMedia",
        "repo": "dgop",
        "rev": "799301991cd5dcea9b64245f9d500dcc76615653",
        "type": "github"
      },
      "original": {
        "owner": "AvengeMedia",
        "repo": "dgop",
        "type": "github"
      }
    },
    "dms": {
      "inputs": {
        "dgop": "dgop",
        "nixpkgs": [
          "nixpkgs"
        ],
        "quickshell": "quickshell"
      },
      "locked": {
        "lastModified": 1765552734,
        "narHash": "sha256-rWjWYu5rs3ZOJ4YJpvIscBZSYu74thJHc0VYyYKJTUc=",
        "owner": "AvengeMedia",
        "repo": "DankMaterialShell",
        "rev": "7fb358bada0d3a229ec5ee6aaad0f9b64f367331",
        "type": "github"
      },
      "original": {
        "owner": "AvengeMedia",
        "ref": "stable",
        "repo": "DankMaterialShell",
        "type": "github"
      }
    },
    "nixpkgs": {
      "locked": {
        "lastModified": 1764667669,
        "narHash": "sha256-7WUCZfmqLAssbDqwg9cUDAXrSoXN79eEEq17qhTNM/Y=",
        "owner": "NixOS",
        "repo": "nixpkgs",
        "rev": "418468ac9527e799809c900eda37cbff999199b6",
        "type": "github"
      },
      "original": {
        "owner": "NixOS",
        "ref": "nixos-unstable",
        "repo": "nixpkgs",
        "type": "github"
      }
    },
    "quickshell": {
      "inputs": {
        "nixpkgs": [
          "dms",
          "nixpkgs"
        ]
      },
      "locked": {
        "lastModified": 1764663772,
        "narHash": "sha256-sHqLmm0wAt3PC4vczJeBozI1/f4rv9yp3IjkClHDXDs=",
        "ref": "refs/heads/master",
        "rev": "26531fc46ef17e9365b03770edd3fb9206fcb460",
        "revCount": 713,
        "type": "git",
        "url": "https://git.outfoxxed.me/quickshell/quickshell"
      },
      "original": {
        "rev": "26531fc46ef17e9365b03770edd3fb9206fcb460",
        "type": "git",
        "url": "https://git.outfoxxed.me/quickshell/quickshell"
      }
    },
    "root": {
      "inputs": {
        "dms": "dms",
        "nixpkgs": "nixpkgs",
        "scroll-flake": "scroll-flake"
      }
    },
    "scroll-flake": {
      "inputs": {
        "nixpkgs": [
          "nixpkgs"
        ],
        "scroll-git": "scroll-git",
        "scroll-stable": "scroll-stable"
      },
      "locked": {
        "lastModified": 1766886634,
        "narHash": "sha256-j5XU8Se3hzuThpFTncmSNDKnQ8mWdXZIZo084Wkq/nI=",
        "owner": "AsahiRocks",
        "repo": "scroll-flake",
        "rev": "d704d7f88652f11b57ee3f59c76b3b16d82d00cd",
        "type": "github"
      },
      "original": {
        "owner": "AsahiRocks",
        "repo": "scroll-flake",
        "type": "github"
      }
    },
    "scroll-git": {
      "flake": false,
      "locked": {
        "lastModified": 1766880937,
        "narHash": "sha256-ol0TBuTXJiLG+KX8kapEXjiwbg/rXZPAKQNhLJbf6zM=",
        "ref": "master",
        "rev": "f735126d4e874df6244f83aa03423e85665cb8dd",
        "revCount": 8058,
        "type": "git",
        "url": "https://github.com/dawsers/scroll"
      },
      "original": {
        "ref": "master",
        "type": "git",
        "url": "https://github.com/dawsers/scroll"
      }
    },
    "scroll-stable": {
      "flake": false,
      "locked": {
        "lastModified": 1765533070,
        "narHash": "sha256-tDMFLm+wQyVukvunnCiq0qP/ZeNXF4xHC7YehsVFzXE=",
        "ref": "refs/tags/1.12.3",
        "rev": "6343bb793ef4875489badaf8995227a25d017887",
        "revCount": 8022,
        "type": "git",
        "url": "https://github.com/dawsers/scroll"
      },
      "original": {
        "ref": "refs/tags/1.12.3",
        "type": "git",
        "url": "https://github.com/dawsers/scroll"
      }
    }
  },
  "root": "root",
  "version": 7
}
